
Microsoft Visual Studio Solution File, Format Version 12.00
# Visual Studio Version 16
VisualStudioVersion = 16.0.28803.352
MinimumVisualStudioVersion = 10.0.40219.1
Project("{FAE04EC0-301F-11D3-BF4B-00C04F79EFBC}") = "Keyvalet", "Keyvalet\Keyvalet.csproj", "{F360B70D-EE22-45F2-81C6-185D533EF716}"
EndProject
Global
	GlobalSection(SolutionConfigurationPlatforms) = preSolution
		Debug|ARM = Debug|ARM
		Debug|ARM64 = Debug|ARM64
		Debug|x64 = Debug|x64
		Debug|x86 = Debug|x86
		Release|ARM = Release|ARM
		Release|ARM64 = Release|ARM64
		Release|x64 = Release|x64
		Release|x86 = Release|x86
	EndGlobalSection
	GlobalSection(ProjectConfigurationPlatforms) = postSolution
		{F360B70D-EE22-45F2-81C6-185D533EF716}.Debug|ARM.ActiveCfg = Debug|ARM
		{F360B70D-EE22-45F2-81C6-185D533EF716}.Debug|ARM.Build.0 = Debug|ARM
		{F360B70D-EE22-45F2-81C6-185D533EF716}.Debug|ARM.Deploy.0 = Debug|ARM
		{F360B70D-EE22-45F2-81C6-185D533EF716}.Debug|ARM64.ActiveCfg = Debug|ARM64
		{F360B70D-EE22-45F2-81C6-185D533EF716}.Debug|ARM64.Build.0 = Debug|ARM64
		{F360B70D-EE22-45F2-81C6-185D533EF716}.Debug|ARM64.Deploy.0 = Debug|ARM64
		{F360B70D-EE22-45F2-81C6-185D533EF716}.Debug|x64.ActiveCfg = Debug|x64
		{F360B70D-EE22-45F2-81C6-185D533EF716}.Debug|x64.Build.0 = Debug|x64
		{F360B70D-EE22-45F2-81C6-185D533EF716}.Debug|x64.Deploy.0 = Debug|x64
		{F360B70D-EE22-45F2-81C6-185D533EF716}.Debug|x86.ActiveCfg = Debug|x86
		{F360B70D-EE22-45F2-81C6-185D533EF716}.Debug|x86.Build.0 = Debug|x86
		{F360B70D-EE22-45F2-81C6-185D533EF716}.Debug|x86.Deploy.0 = Debug|x86
		{F360B70D-EE22-45F2-81C6-185D533EF716}.Release|ARM.ActiveCfg = Release|ARM
		{F360B70D-EE22-45F2-81C6-185D533EF716}.Release|ARM.Build.0 = Release|ARM
		{F360B70D-EE22-45F2-81C6-185D533EF716}.Release|ARM.Deploy.0 = Release|ARM
		{F360B70D-EE22-45F2-81C6-185D533EF716}.Release|ARM64.ActiveCfg = Release|ARM64
		{F360B70D-EE22-45F2-81C6-185D533EF716}.Release|ARM64.Build.0 = Release|ARM64
		{F360B70D-EE22-45F2-81C6-185D533EF716}.Release|ARM64.Deploy.0 = Release|ARM64
		{F360B70D-EE22-45F2-81C6-185D533EF716}.Release|x64.ActiveCfg = Release|x64
		{F360B70D-EE22-45F2-81C6-185D533EF716}.Release|x64.Build.0 = Release|x64
		{F360B70D-EE22-45F2-81C6-185D533EF716}.Release|x64.Deploy.0 = Release|x64
		{F360B70D-EE22-45F2-81C6-185D533EF716}.Release|x86.ActiveCfg = Release|x86
		{F360B70D-EE22-45F2-81C6-185D533EF716}.Release|x86.Build.0 = Release|x86
		{F360B70D-EE22-45F2-81C6-185D533EF716}.Release|x86.Deploy.0 = Release|x86
	EndGlobalSection
	GlobalSection(SolutionProperties) = preSolution
		HideSolutionNode = FALSE
	EndGlobalSection
	GlobalSection(ExtensibilityGlobals) = postSolution
		SolutionGuid = {54CA82FF-F971-4EB9-A939-5D415B547EFB}
	EndGlobalSection
EndGlobal
